
Microsoft Visual Studio Solution File, Format Version 12.00
# Visual Studio Version 16
VisualStudioVersion = 16.0.30907.101
MinimumVisualStudioVersion = 10.0.40219.1
Project("{FAE04EC0-301F-11D3-BF4B-00C04F79EFBC}") = "SoftUniPBPastExams-29-03-2020", "SoftUniPBPastExams-29-03-2020\SoftUniPBPastExams-29-03-2020.csproj", "{EF9BD3E7-6A08-4B90-A3C2-F2ED6D85F34C}"
EndProject
Global
	GlobalSection(SolutionConfigurationPlatforms) = preSolution
		Debug|Any CPU = Debug|Any CPU
		Release|Any CPU = Release|Any CPU
	EndGlobalSection
	GlobalSection(ProjectConfigurationPlatforms) = postSolution
		{EF9BD3E7-6A08-4B90-A3C2-F2ED6D85F34C}.Debug|Any CPU.ActiveCfg = Debug|Any CPU
		{EF9BD3E7-6A08-4B90-A3C2-F2ED6D85F34C}.Debug|Any CPU.Build.0 = Debug|Any CPU
		{EF9BD3E7-6A08-4B90-A3C2-F2ED6D85F34C}.Release|Any CPU.ActiveCfg = Release|Any CPU
		{EF9BD3E7-6A08-4B90-A3C2-F2ED6D85F34C}.Release|Any CPU.Build.0 = Release|Any CPU
	EndGlobalSection
	GlobalSection(SolutionProperties) = preSolution
		HideSolutionNode = FALSE
	EndGlobalSection
	GlobalSection(ExtensibilityGlobals) = postSolution
		SolutionGuid = {23657E0E-4278-49F7-8D52-1FD3FE6272C0}
	EndGlobalSection
EndGlobal
